
Microsoft Visual Studio Solution File, Format Version 12.00
# Visual Studio Version 17
VisualStudioVersion = 17.0.32126.317
MinimumVisualStudioVersion = 10.0.40219.1
Project("{9A19103F-16F7-4668-BE54-9A1E7A4F7556}") = "HttpServer", "HttpServer\HttpServer.csproj", "{242CC7FB-249E-4AF7-B4BC-2DF1468F70C4}"
EndProject
Global
	GlobalSection(SolutionConfigurationPlatforms) = preSolution
		Debug|Any CPU = Debug|Any CPU
		Release|Any CPU = Release|Any CPU
	EndGlobalSection
	GlobalSection(ProjectConfigurationPlatforms) = postSolution
		{242CC7FB-249E-4AF7-B4BC-2DF1468F70C4}.Debug|Any CPU.ActiveCfg = Debug|Any CPU
		{242CC7FB-249E-4AF7-B4BC-2DF1468F70C4}.Debug|Any CPU.Build.0 = Debug|Any CPU
		{242CC7FB-249E-4AF7-B4BC-2DF1468F70C4}.Release|Any CPU.ActiveCfg = Release|Any CPU
		{242CC7FB-249E-4AF7-B4BC-2DF1468F70C4}.Release|Any CPU.Build.0 = Release|Any CPU
	EndGlobalSection
	GlobalSection(SolutionProperties) = preSolution
		HideSolutionNode = FALSE
	EndGlobalSection
	GlobalSection(ExtensibilityGlobals) = postSolution
		SolutionGuid = {11EF5263-385A-41CE-8569-3CFA3F396DAB}
	EndGlobalSection
EndGlobal
