
Microsoft Visual Studio Solution File, Format Version 12.00
# Visual Studio Version 17
VisualStudioVersion = 17.0.32126.317
MinimumVisualStudioVersion = 10.0.40219.1
Project("{9A19103F-16F7-4668-BE54-9A1E7A4F7556}") = "CustomProtocol", "CustomProtocol.csproj", "{612A71D3-991B-40FF-8E61-83A17175B937}"
EndProject
Global
	GlobalSection(SolutionConfigurationPlatforms) = preSolution
		Debug|Any CPU = Debug|Any CPU
		Release|Any CPU = Release|Any CPU
	EndGlobalSection
	GlobalSection(ProjectConfigurationPlatforms) = postSolution
		{612A71D3-991B-40FF-8E61-83A17175B937}.Debug|Any CPU.ActiveCfg = Debug|Any CPU
		{612A71D3-991B-40FF-8E61-83A17175B937}.Debug|Any CPU.Build.0 = Debug|Any CPU
		{612A71D3-991B-40FF-8E61-83A17175B937}.Release|Any CPU.ActiveCfg = Release|Any CPU
		{612A71D3-991B-40FF-8E61-83A17175B937}.Release|Any CPU.Build.0 = Release|Any CPU
	EndGlobalSection
	GlobalSection(SolutionProperties) = preSolution
		HideSolutionNode = FALSE
	EndGlobalSection
	GlobalSection(ExtensibilityGlobals) = postSolution
		SolutionGuid = {E21B1924-F532-479D-BF65-EF27FD2EE072}
	EndGlobalSection
EndGlobal
