
Microsoft Visual Studio Solution File, Format Version 12.00
Project("{FAE04EC0-301F-11D3-BF4B-00C04F79EFBC}") = "Proga_Hw", "Proga_Hw\Proga_Hw.csproj", "{CCE91C62-3EB8-4A57-9515-E3A47581FC99}"
EndProject
Global
	GlobalSection(SolutionConfigurationPlatforms) = preSolution
		Debug|Any CPU = Debug|Any CPU
		Release|Any CPU = Release|Any CPU
	EndGlobalSection
	GlobalSection(ProjectConfigurationPlatforms) = postSolution
		{CCE91C62-3EB8-4A57-9515-E3A47581FC99}.Debug|Any CPU.ActiveCfg = Debug|Any CPU
		{CCE91C62-3EB8-4A57-9515-E3A47581FC99}.Debug|Any CPU.Build.0 = Debug|Any CPU
		{CCE91C62-3EB8-4A57-9515-E3A47581FC99}.Release|Any CPU.ActiveCfg = Release|Any CPU
		{CCE91C62-3EB8-4A57-9515-E3A47581FC99}.Release|Any CPU.Build.0 = Release|Any CPU
	EndGlobalSection
EndGlobal
